
Microsoft Visual Studio Solution File, Format Version 12.00
# Visual Studio 15
VisualStudioVersion = 15.0.27428.2043
MinimumVisualStudioVersion = 10.0.40219.1
Project("{FAE04EC0-301F-11D3-BF4B-00C04F79EFBC}") = "Elsa.SKS.Package.Services", "src\Elsa.SKS.Package.Services\Elsa.SKS.Package.Services.csproj", "{223F9551-51BD-4DEE-B6E7-B09052E39510}"
EndProject
Project("{FAE04EC0-301F-11D3-BF4B-00C04F79EFBC}") = "Elsa.SKS.Package.Services.DTOs", "src\Elsa.SKS.Package.Services.DTOs\Elsa.SKS.Package.Services.DTOs.csproj", "{7D32C915-C2D1-4F19-8B5D-832F1C287809}"
EndProject
Project("{FAE04EC0-301F-11D3-BF4B-00C04F79EFBC}") = "Elsa.SKS.Package.Services.Interfaces", "src\Elsa.SKS.Package.Services.Interfaces\Elsa.SKS.Package.Services.Interfaces.csproj", "{FA16CC9E-169B-4435-A030-647F5179F580}"
EndProject
Project("{FAE04EC0-301F-11D3-BF4B-00C04F79EFBC}") = "Elsa.SKS.Package.Services.Tests", "src\Elsa.SKS.Package.Services.Tests\Elsa.SKS.Package.Services.Tests.csproj", "{C0468991-989F-4E98-ABF1-334838DD667E}"
EndProject
Project("{FAE04EC0-301F-11D3-BF4B-00C04F79EFBC}") = "Elsa.SKS.Package.BusinessLogic", "src\Elsa.SKS.Package.BusinessLogic\Elsa.SKS.Package.BusinessLogic.csproj", "{C7CB0914-C2AF-4B21-9CE1-9C4F0519646F}"
EndProject
Project("{FAE04EC0-301F-11D3-BF4B-00C04F79EFBC}") = "Elsa.SKS.Package.BusinessLogic.Entities", "src\Elsa.SKS.Package.BusinessLogic.Entities\Elsa.SKS.Package.BusinessLogic.Entities.csproj", "{7175189B-9A15-4922-97AF-D38C488113CA}"
EndProject
Project("{FAE04EC0-301F-11D3-BF4B-00C04F79EFBC}") = "Elsa.SKS.Package.BusinessLogic.Interfaces", "src\Elsa.SKS.Package.BusinessLogic.Interfaces\Elsa.SKS.Package.BusinessLogic.Interfaces.csproj", "{D24C49E9-BF66-49B6-AF63-FF90B2EFD5EA}"
EndProject
Project("{FAE04EC0-301F-11D3-BF4B-00C04F79EFBC}") = "Elsa.SKS.Package.BusinessLogic.Tests", "src\Elsa.SKS.Package.BusinessLogic.Tests\Elsa.SKS.Package.BusinessLogic.Tests.csproj", "{13194EAA-BF19-4CD8-81E2-42A57CFBCF0C}"
EndProject
Project("{FAE04EC0-301F-11D3-BF4B-00C04F79EFBC}") = "Elsa.SKS.Package.DataAccess.Sql", "src\Elsa.SKS.Package.DataAccess.Sql\Elsa.SKS.Package.DataAccess.Sql.csproj", "{3CE34005-6335-4909-BD91-0C5FF5084BF5}"
EndProject
Project("{FAE04EC0-301F-11D3-BF4B-00C04F79EFBC}") = "Elsa.SKS.Package.DataAccess.Interfaces", "src\Elsa.SKS.Package.DataAccess.Interfaces\Elsa.SKS.Package.DataAccess.Interfaces.csproj", "{8B1C666B-2C8F-49C0-B817-F8DA704A0A90}"
EndProject
Project("{FAE04EC0-301F-11D3-BF4B-00C04F79EFBC}") = "Elsa.SKS.Package.DataAccess.Entities", "src\Elsa.SKS.Package.DataAccess.Entities\Elsa.SKS.Package.DataAccess.Entities.csproj", "{B55C21F2-8B18-4902-8AFC-78AEC6754F41}"
EndProject
Project("{FAE04EC0-301F-11D3-BF4B-00C04F79EFBC}") = "Elsa.SKS.Package.DataAccess.Tests", "src\Elsa.SKS.Package.DataAccess.Tests\Elsa.SKS.Package.DataAccess.Tests.csproj", "{A123B0E5-5EF4-45AB-A192-E871E9E1DB42}"
EndProject
Project("{FAE04EC0-301F-11D3-BF4B-00C04F79EFBC}") = "Elsa.SKS.Package.ServiceAgents", "src\Elsa.SKS.Package.ServiceAgents\Elsa.SKS.Package.ServiceAgents.csproj", "{C6E0AF22-CAFB-4F75-AFB2-CBC7E95E450D}"
EndProject
Project("{FAE04EC0-301F-11D3-BF4B-00C04F79EFBC}") = "Elsa.SKS.Package.ServiceAgents.Interfaces", "src\Elsa.SKS.Package.ServiceAgents.Interfaces\Elsa.SKS.Package.ServiceAgents.Interfaces.csproj", "{87BD10EF-6151-44D6-B40B-FF32E5FAE3E0}"
EndProject
Project("{FAE04EC0-301F-11D3-BF4B-00C04F79EFBC}") = "Elsa.SKS.Package.ServiceAgents.Tests", "src\Elsa.SKS.Package.ServiceAgents.Tests\Elsa.SKS.Package.ServiceAgents.Tests.csproj", "{4EDFBBF5-46F6-4295-8871-7AE708402725}"
EndProject
Global
				GlobalSection(SolutionConfigurationPlatforms) = preSolution
								Debug|Any CPU = Debug|Any CPU
								Release|Any CPU = Release|Any CPU
				EndGlobalSection
				GlobalSection(ProjectConfigurationPlatforms) = postSolution
								{223F9551-51BD-4DEE-B6E7-B09052E39510}.Debug|Any CPU.ActiveCfg = Debug|Any CPU
								{223F9551-51BD-4DEE-B6E7-B09052E39510}.Debug|Any CPU.Build.0 = Debug|Any CPU
								{223F9551-51BD-4DEE-B6E7-B09052E39510}.Release|Any CPU.ActiveCfg = Release|Any CPU
								{223F9551-51BD-4DEE-B6E7-B09052E39510}.Release|Any CPU.Build.0 = Release|Any CPU
					{7D32C915-C2D1-4F19-8B5D-832F1C287809}.Debug|Any CPU.ActiveCfg = Debug|Any CPU
					{7D32C915-C2D1-4F19-8B5D-832F1C287809}.Debug|Any CPU.Build.0 = Debug|Any CPU
					{7D32C915-C2D1-4F19-8B5D-832F1C287809}.Release|Any CPU.ActiveCfg = Release|Any CPU
					{7D32C915-C2D1-4F19-8B5D-832F1C287809}.Release|Any CPU.Build.0 = Release|Any CPU
					{FA16CC9E-169B-4435-A030-647F5179F580}.Debug|Any CPU.ActiveCfg = Debug|Any CPU
					{FA16CC9E-169B-4435-A030-647F5179F580}.Debug|Any CPU.Build.0 = Debug|Any CPU
					{FA16CC9E-169B-4435-A030-647F5179F580}.Release|Any CPU.ActiveCfg = Release|Any CPU
					{FA16CC9E-169B-4435-A030-647F5179F580}.Release|Any CPU.Build.0 = Release|Any CPU
					{C0468991-989F-4E98-ABF1-334838DD667E}.Debug|Any CPU.ActiveCfg = Debug|Any CPU
					{C0468991-989F-4E98-ABF1-334838DD667E}.Debug|Any CPU.Build.0 = Debug|Any CPU
					{C0468991-989F-4E98-ABF1-334838DD667E}.Release|Any CPU.ActiveCfg = Release|Any CPU
					{C0468991-989F-4E98-ABF1-334838DD667E}.Release|Any CPU.Build.0 = Release|Any CPU
					{C7CB0914-C2AF-4B21-9CE1-9C4F0519646F}.Debug|Any CPU.ActiveCfg = Debug|Any CPU
					{C7CB0914-C2AF-4B21-9CE1-9C4F0519646F}.Debug|Any CPU.Build.0 = Debug|Any CPU
					{C7CB0914-C2AF-4B21-9CE1-9C4F0519646F}.Release|Any CPU.ActiveCfg = Release|Any CPU
					{C7CB0914-C2AF-4B21-9CE1-9C4F0519646F}.Release|Any CPU.Build.0 = Release|Any CPU
					{7175189B-9A15-4922-97AF-D38C488113CA}.Debug|Any CPU.ActiveCfg = Debug|Any CPU
					{7175189B-9A15-4922-97AF-D38C488113CA}.Debug|Any CPU.Build.0 = Debug|Any CPU
					{7175189B-9A15-4922-97AF-D38C488113CA}.Release|Any CPU.ActiveCfg = Release|Any CPU
					{7175189B-9A15-4922-97AF-D38C488113CA}.Release|Any CPU.Build.0 = Release|Any CPU
					{D24C49E9-BF66-49B6-AF63-FF90B2EFD5EA}.Debug|Any CPU.ActiveCfg = Debug|Any CPU
					{D24C49E9-BF66-49B6-AF63-FF90B2EFD5EA}.Debug|Any CPU.Build.0 = Debug|Any CPU
					{D24C49E9-BF66-49B6-AF63-FF90B2EFD5EA}.Release|Any CPU.ActiveCfg = Release|Any CPU
					{D24C49E9-BF66-49B6-AF63-FF90B2EFD5EA}.Release|Any CPU.Build.0 = Release|Any CPU
					{13194EAA-BF19-4CD8-81E2-42A57CFBCF0C}.Debug|Any CPU.ActiveCfg = Debug|Any CPU
					{13194EAA-BF19-4CD8-81E2-42A57CFBCF0C}.Debug|Any CPU.Build.0 = Debug|Any CPU
					{13194EAA-BF19-4CD8-81E2-42A57CFBCF0C}.Release|Any CPU.ActiveCfg = Release|Any CPU
					{13194EAA-BF19-4CD8-81E2-42A57CFBCF0C}.Release|Any CPU.Build.0 = Release|Any CPU
					{3CE34005-6335-4909-BD91-0C5FF5084BF5}.Debug|Any CPU.ActiveCfg = Debug|Any CPU
					{3CE34005-6335-4909-BD91-0C5FF5084BF5}.Debug|Any CPU.Build.0 = Debug|Any CPU
					{3CE34005-6335-4909-BD91-0C5FF5084BF5}.Release|Any CPU.ActiveCfg = Release|Any CPU
					{3CE34005-6335-4909-BD91-0C5FF5084BF5}.Release|Any CPU.Build.0 = Release|Any CPU
					{8B1C666B-2C8F-49C0-B817-F8DA704A0A90}.Debug|Any CPU.ActiveCfg = Debug|Any CPU
					{8B1C666B-2C8F-49C0-B817-F8DA704A0A90}.Debug|Any CPU.Build.0 = Debug|Any CPU
					{8B1C666B-2C8F-49C0-B817-F8DA704A0A90}.Release|Any CPU.ActiveCfg = Release|Any CPU
					{8B1C666B-2C8F-49C0-B817-F8DA704A0A90}.Release|Any CPU.Build.0 = Release|Any CPU
					{B55C21F2-8B18-4902-8AFC-78AEC6754F41}.Debug|Any CPU.ActiveCfg = Debug|Any CPU
					{B55C21F2-8B18-4902-8AFC-78AEC6754F41}.Debug|Any CPU.Build.0 = Debug|Any CPU
					{B55C21F2-8B18-4902-8AFC-78AEC6754F41}.Release|Any CPU.ActiveCfg = Release|Any CPU
					{B55C21F2-8B18-4902-8AFC-78AEC6754F41}.Release|Any CPU.Build.0 = Release|Any CPU
					{A123B0E5-5EF4-45AB-A192-E871E9E1DB42}.Debug|Any CPU.ActiveCfg = Debug|Any CPU
					{A123B0E5-5EF4-45AB-A192-E871E9E1DB42}.Debug|Any CPU.Build.0 = Debug|Any CPU
					{A123B0E5-5EF4-45AB-A192-E871E9E1DB42}.Release|Any CPU.ActiveCfg = Release|Any CPU
					{A123B0E5-5EF4-45AB-A192-E871E9E1DB42}.Release|Any CPU.Build.0 = Release|Any CPU
					{C6E0AF22-CAFB-4F75-AFB2-CBC7E95E450D}.Debug|Any CPU.ActiveCfg = Debug|Any CPU
					{C6E0AF22-CAFB-4F75-AFB2-CBC7E95E450D}.Debug|Any CPU.Build.0 = Debug|Any CPU
					{C6E0AF22-CAFB-4F75-AFB2-CBC7E95E450D}.Release|Any CPU.ActiveCfg = Release|Any CPU
					{C6E0AF22-CAFB-4F75-AFB2-CBC7E95E450D}.Release|Any CPU.Build.0 = Release|Any CPU
					{87BD10EF-6151-44D6-B40B-FF32E5FAE3E0}.Debug|Any CPU.ActiveCfg = Debug|Any CPU
					{87BD10EF-6151-44D6-B40B-FF32E5FAE3E0}.Debug|Any CPU.Build.0 = Debug|Any CPU
					{87BD10EF-6151-44D6-B40B-FF32E5FAE3E0}.Release|Any CPU.ActiveCfg = Release|Any CPU
					{87BD10EF-6151-44D6-B40B-FF32E5FAE3E0}.Release|Any CPU.Build.0 = Release|Any CPU
					{4EDFBBF5-46F6-4295-8871-7AE708402725}.Debug|Any CPU.ActiveCfg = Debug|Any CPU
					{4EDFBBF5-46F6-4295-8871-7AE708402725}.Debug|Any CPU.Build.0 = Debug|Any CPU
					{4EDFBBF5-46F6-4295-8871-7AE708402725}.Release|Any CPU.ActiveCfg = Release|Any CPU
					{4EDFBBF5-46F6-4295-8871-7AE708402725}.Release|Any CPU.Build.0 = Release|Any CPU
				EndGlobalSection
				GlobalSection(SolutionProperties) = preSolution
								HideSolutionNode = FALSE
				EndGlobalSection
EndGlobal
